---
lockVersion: 1.0.0
dependencies:
  codeql/dataflow:
    version: 1.1.4
  codeql/go-all:
    version: 2.1.1
  codeql/mad:
    version: 1.0.10
  codeql/ssa:
    version: 1.0.10
  codeql/threat-models:
    version: 1.0.10
  codeql/tutorial:
    version: 1.0.10
  codeql/typetracking:
    version: 1.0.10
  codeql/util:
    version: 1.0.10
compiled: false
